
Microsoft Visual Studio Solution File, Format Version 12.00
# Visual Studio 15
VisualStudioVersion = 15.0.27428.2037
MinimumVisualStudioVersion = 10.0.40219.1
Project("{FAE04EC0-301F-11D3-BF4B-00C04F79EFBC}") = "DensanGameManager", "DensanGameManager\DensanGameManager.csproj", "{B93B2715-B03F-43A5-8E40-83EC85763FA5}"
EndProject
Global
	GlobalSection(SolutionConfigurationPlatforms) = preSolution
		Debug|Any CPU = Debug|Any CPU
		Release|Any CPU = Release|Any CPU
	EndGlobalSection
	GlobalSection(ProjectConfigurationPlatforms) = postSolution
		{B93B2715-B03F-43A5-8E40-83EC85763FA5}.Debug|Any CPU.ActiveCfg = Debug|Any CPU
		{B93B2715-B03F-43A5-8E40-83EC85763FA5}.Debug|Any CPU.Build.0 = Debug|Any CPU
		{B93B2715-B03F-43A5-8E40-83EC85763FA5}.Release|Any CPU.ActiveCfg = Release|Any CPU
		{B93B2715-B03F-43A5-8E40-83EC85763FA5}.Release|Any CPU.Build.0 = Release|Any CPU
	EndGlobalSection
	GlobalSection(SolutionProperties) = preSolution
		HideSolutionNode = FALSE
	EndGlobalSection
	GlobalSection(ExtensibilityGlobals) = postSolution
		SolutionGuid = {FEC0DDB9-CDE5-4C51-A74B-7FA34F59B112}
	EndGlobalSection
EndGlobal
